// !$*UTF8*$!
{
	archiveVersion = 1;
	classes = {
	};
	objectVersion = 50;
	objects = {

/* Begin PBXBuildFile section */
		ED1AB97B21A0A4E400AAA1F5 /* AppDelegate.swift in Sources */ = {isa = PBXBuildFile; fileRef = ED1AB97A21A0A4E400AAA1F5 /* AppDelegate.swift */; };
		ED1AB97D21A0A4E400AAA1F5 /* ViewController.swift in Sources */ = {isa = PBXBuildFile; fileRef = ED1AB97C21A0A4E400AAA1F5 /* ViewController.swift */; };
		ED1AB98021A0A4E400AAA1F5 /* Main.storyboard in Resources */ = {isa = PBXBuildFile; fileRef = ED1AB97E21A0A4E400AAA1F5 /* Main.storyboard */; };
		ED1AB98221A0A4E900AAA1F5 /* Assets.xcassets in Resources */ = {isa = PBXBuildFile; fileRef = ED1AB98121A0A4E900AAA1F5 /* Assets.xcassets */; };
		ED1AB98521A0A4E900AAA1F5 /* LaunchScreen.storyboard in Resources */ = {isa = PBXBuildFile; fileRef = ED1AB98321A0A4E900AAA1F5 /* LaunchScreen.storyboard */; };
		ED1AB99021A0A4EA00AAA1F5 /* FontsAppTests.swift in Sources */ = {isa = PBXBuildFile; fileRef = ED1AB98F21A0A4EA00AAA1F5 /* FontsAppTests.swift */; };
/* End PBXBuildFile section */

/* Begin PBXContainerItemProxy section */
		ED1AB98C21A0A4EA00AAA1F5 /* PBXContainerItemProxy */ = {
			isa = PBXContainerItemProxy;
			containerPortal = ED1AB96F21A0A4E300AAA1F5 /* Project object */;
			proxyType = 1;
			remoteGlobalIDString = ED1AB97621A0A4E400AAA1F5;
			remoteInfo = FontsApp;
		};
/* End PBXContainerItemProxy section */

/* Begin PBXFileReference section */
		ED1AB97721A0A4E400AAA1F5 /* FontsApp.app */ = {isa = PBXFileReference; explicitFileType = wrapper.application; includeInIndex = 0; path = FontsApp.app; sourceTree = BUILT_PRODUCTS_DIR; };
		ED1AB97A21A0A4E400AAA1F5 /* AppDelegate.swift */ = {isa = PBXFileReference; lastKnownFileType = sourcecode.swift; path = AppDelegate.swift; sourceTree = "<group>"; };
		ED1AB97C21A0A4E400AAA1F5 /* ViewController.swift */ = {isa = PBXFileReference; lastKnownFileType = sourcecode.swift; path = ViewController.swift; sourceTree = "<group>"; };
		ED1AB97F21A0A4E400AAA1F5 /* Base */ = {isa = PBXFileReference; lastKnownFileType = file.storyboard; name = Base; path = Base.lproj/Main.storyboard; sourceTree = "<group>"; };
		ED1AB98121A0A4E900AAA1F5 /* Assets.xcassets */ = {isa = PBXFileReference; lastKnownFileType = folder.assetcatalog; path = Assets.xcassets; sourceTree = "<group>"; };
		ED1AB98421A0A4E900AAA1F5 /* Base */ = {isa = PBXFileReference; lastKnownFileType = file.storyboard; name = Base; path = Base.lproj/LaunchScreen.storyboard; sourceTree = "<group>"; };
		ED1AB98621A0A4E900AAA1F5 /* Info.plist */ = {isa = PBXFileReference; lastKnownFileType = text.plist.xml; path = Info.plist; sourceTree = "<group>"; };
		ED1AB98B21A0A4EA00AAA1F5 /* FontsAppTests.xctest */ = {isa = PBXFileReference; explicitFileType = wrapper.cfbundle; includeInIndex = 0; path = FontsAppTests.xctest; sourceTree = BUILT_PRODUCTS_DIR; };
		ED1AB98F21A0A4EA00AAA1F5 /* FontsAppTests.swift */ = {isa = PBXFileReference; lastKnownFileType = sourcecode.swift; path = FontsAppTests.swift; sourceTree = "<group>"; };
		ED1AB99121A0A4EA00AAA1F5 /* Info.plist */ = {isa = PBXFileReference; lastKnownFileType = text.plist.xml; path = Info.plist; sourceTree = "<group>"; };
/* End PBXFileReference section */

/* Begin PBXFrameworksBuildPhase section */
		ED1AB97421A0A4E400AAA1F5 /* Frameworks */ = {
			isa = PBXFrameworksBuildPhase;
			buildActionMask = 2147483647;
			files = (
			);
			runOnlyForDeploymentPostprocessing = 0;
		};
		ED1AB98821A0A4EA00AAA1F5 /* Frameworks */ = {
			isa = PBXFrameworksBuildPhase;
			buildActionMask = 2147483647;
			files = (
			);
			runOnlyForDeploymentPostprocessing = 0;
		};
/* End PBXFrameworksBuildPhase section */

/* Begin PBXGroup section */
		ED1AB96E21A0A4E300AAA1F5 = {
			isa = PBXGroup;
			children = (
				ED1AB97921A0A4E400AAA1F5 /* FontsApp */,
				ED1AB98E21A0A4EA00AAA1F5 /* FontsAppTests */,
				ED1AB97821A0A4E400AAA1F5 /* Products */,
			);
			sourceTree = "<group>";
		};
		ED1AB97821A0A4E400AAA1F5 /* Products */ = {
			isa = PBXGroup;
			children = (
				ED1AB97721A0A4E400AAA1F5 /* FontsApp.app */,
				ED1AB98B21A0A4EA00AAA1F5 /* FontsAppTests.xctest */,
			);
			name = Products;
			sourceTree = "<group>";
		};
		ED1AB97921A0A4E400AAA1F5 /* FontsApp */ = {
			isa = PBXGroup;
			children = (
				ED1AB97A21A0A4E400AAA1F5 /* AppDelegate.swift */,
				ED1AB97C21A0A4E400AAA1F5 /* ViewController.swift */,
				ED1AB97E21A0A4E400AAA1F5 /* Main.storyboard */,
				ED1AB98121A0A4E900AAA1F5 /* Assets.xcassets */,
				ED1AB98321A0A4E900AAA1F5 /* LaunchScreen.storyboard */,
				ED1AB98621A0A4E900AAA1F5 /* Info.plist */,
			);
			path = FontsApp;
			sourceTree = "<group>";
		};
		ED1AB98E21A0A4EA00AAA1F5 /* FontsAppTests */ = {
			isa = PBXGroup;
			children = (
				ED1AB98F21A0A4EA00AAA1F5 /* FontsAppTests.swift */,
				ED1AB99121A0A4EA00AAA1F5 /* Info.plist */,
			);
			path = FontsAppTests;
			sourceTree = "<group>";
		};
/* End PBXGroup section */

/* Begin PBXNativeTarget section */
		ED1AB97621A0A4E400AAA1F5 /* FontsApp */ = {
			isa = PBXNativeTarget;
			buildConfigurationList = ED1AB99421A0A4EA00AAA1F5 /* Build configuration list for PBXNativeTarget "FontsApp" */;
			buildPhases = (
				ED1AB97321A0A4E400AAA1F5 /* Sources */,
				ED1AB97421A0A4E400AAA1F5 /* Frameworks */,
				ED1AB97521A0A4E400AAA1F5 /* Resources */,
			);
			buildRules = (
			);
			dependencies = (
			);
			name = FontsApp;
			productName = FontsApp;
			productReference = ED1AB97721A0A4E400AAA1F5 /* FontsApp.app */;
			productType = "com.apple.product-type.application";
		};
		ED1AB98A21A0A4EA00AAA1F5 /* FontsAppTests */ = {
			isa = PBXNativeTarget;
			buildConfigurationList = ED1AB99721A0A4EA00AAA1F5 /* Build configuration list for PBXNativeTarget "FontsAppTests" */;
			buildPhases = (
				ED1AB98721A0A4EA00AAA1F5 /* Sources */,
				ED1AB98821A0A4EA00AAA1F5 /* Frameworks */,
				ED1AB98921A0A4EA00AAA1F5 /* Resources */,
			);
			buildRules = (
			);
			dependencies = (
				ED1AB98D21A0A4EA00AAA1F5 /* PBXTargetDependency */,
			);
			name = FontsAppTests;
			productName = FontsAppTests;
			productReference = ED1AB98B21A0A4EA00AAA1F5 /* FontsAppTests.xctest */;
			productType = "com.apple.product-type.bundle.unit-test";
		};
/* End PBXNativeTarget section */

/* Begin PBXProject section */
		ED1AB96F21A0A4E300AAA1F5 /* Project object */ = {
			isa = PBXProject;
			attributes = {
				LastSwiftUpdateCheck = 0940;
				LastUpgradeCheck = 0940;
				ORGANIZATIONNAME = CentennialCollege;
				TargetAttributes = {
					ED1AB97621A0A4E400AAA1F5 = {
						CreatedOnToolsVersion = 9.4.1;
					};
					ED1AB98A21A0A4EA00AAA1F5 = {
						CreatedOnToolsVersion = 9.4.1;
						TestTargetID = ED1AB97621A0A4E400AAA1F5;
					};
				};
			};
			buildConfigurationList = ED1AB97221A0A4E300AAA1F5 /* Build configuration list for PBXProject "FontsApp" */;
			compatibilityVersion = "Xcode 9.3";
			developmentRegion = en;
			hasScannedForEncodings = 0;
			knownRegions = (
				en,
				Base,
			);
			mainGroup = ED1AB96E21A0A4E300AAA1F5;
			productRefGroup = ED1AB97821A0A4E400AAA1F5 /* Products */;
			projectDirPath = "";
			projectRoot = "";
			targets = (
				ED1AB97621A0A4E400AAA1F5 /* FontsApp */,
				ED1AB98A21A0A4EA00AAA1F5 /* FontsAppTests */,
			);
		};
/* End PBXProject section */

/* Begin PBXResourcesBuildPhase section */
		ED1AB97521A0A4E400AAA1F5 /* Resources */ = {
			isa = PBXResourcesBuildPhase;
			buildActionMask = 2147483647;
			files = (
				ED1AB98521A0A4E900AAA1F5 /* LaunchScreen.storyboard in Resources */,
				ED1AB98221A0A4E900AAA1F5 /* Assets.xcassets in Resources */,
				ED1AB98021A0A4E400AAA1F5 /* Main.storyboard in Resources */,
			);
			runOnlyForDeploymentPostprocessing = 0;
		};
		ED1AB98921A0A4EA00AAA1F5 /* Resources */ = {
			isa = PBXResourcesBuildPhase;
			buildActionMask = 2147483647;
			files = (
			);
			runOnlyForDeploymentPostprocessing = 0;
		};
/* End PBXResourcesBuildPhase section */

/* Begin PBXSourcesBuildPhase section */
		ED1AB97321A0A4E400AAA1F5 /* Sources */ = {
			isa = PBXSourcesBuildPhase;
			buildActionMask = 2147483647;
			files = (
				ED1AB97D21A0A4E400AAA1F5 /* ViewController.swift in Sources */,
				ED1AB97B21A0A4E400AAA1F5 /* AppDelegate.swift in Sources */,
			);
			runOnlyForDeploymentPostprocessing = 0;
		};
		ED1AB98721A0A4EA00AAA1F5 /* Sources */ = {
			isa = PBXSourcesBuildPhase;
			buildActionMask = 2147483647;
			files = (
				ED1AB99021A0A4EA00AAA1F5 /* FontsAppTests.swift in Sources */,
			);
			runOnlyForDeploymentPostprocessing = 0;
		};
/* End PBXSourcesBuildPhase section */

/* Begin PBXTargetDependency section */
		ED1AB98D21A0A4EA00AAA1F5 /* PBXTargetDependency */ = {
			isa = PBXTargetDependency;
			target = ED1AB97621A0A4E400AAA1F5 /* FontsApp */;
			targetProxy = ED1AB98C21A0A4EA00AAA1F5 /* PBXContainerItemProxy */;
		};
/* End PBXTargetDependency section */

/* Begin PBXVariantGroup section */
		ED1AB97E21A0A4E400AAA1F5 /* Main.storyboard */ = {
			isa = PBXVariantGroup;
			children = (
				ED1AB97F21A0A4E400AAA1F5 /* Base */,
			);
			name = Main.storyboard;
			sourceTree = "<group>";
		};
		ED1AB98321A0A4E900AAA1F5 /* LaunchScreen.storyboard */ = {
			isa = PBXVariantGroup;
			children = (
				ED1AB98421A0A4E900AAA1F5 /* Base */,
			);
			name = LaunchScreen.storyboard;
			sourceTree = "<group>";
		};
/* End PBXVariantGroup section */

/* Begin XCBuildConfiguration section */
		ED1AB99221A0A4EA00AAA1F5 /* Debug */ = {
			isa = XCBuildConfiguration;
			buildSettings = {
				ALWAYS_SEARCH_USER_PATHS = NO;
				CLANG_ANALYZER_NONNULL = YES;
				CLANG_ANALYZER_NUMBER_OBJECT_CONVERSION = YES_AGGRESSIVE;
				CLANG_CXX_LANGUAGE_STANDARD = "gnu++14";
				CLANG_CXX_LIBRARY = "libc++";
				CLANG_ENABLE_MODULES = YES;
				CLANG_ENABLE_OBJC_ARC = YES;
				CLANG_ENABLE_OBJC_WEAK = YES;
				CLANG_WARN_BLOCK_CAPTURE_AUTORELEASING = YES;
				CLANG_WARN_BOOL_CONVERSION = YES;
				CLANG_WARN_COMMA = YES;
				CLANG_WARN_CONSTANT_CONVERSION = YES;
				CLANG_WARN_DEPRECATED_OBJC_IMPLEMENTATIONS = YES;
				CLANG_WARN_DIRECT_OBJC_ISA_USAGE = YES_ERROR;
				CLANG_WARN_DOCUMENTATION_COMMENTS = YES;
				CLANG_WARN_EMPTY_BODY = YES;
				CLANG_WARN_ENUM_CONVERSION = YES;
				CLANG_WARN_INFINITE_RECURSION = YES;
				CLANG_WARN_INT_CONVERSION = YES;
				CLANG_WARN_NON_LITERAL_NULL_CONVERSION = YES;
				CLANG_WARN_OBJC_IMPLICIT_RETAIN_SELF = YES;
				CLANG_WARN_OBJC_LITERAL_CONVERSION = YES;
				CLANG_WARN_OBJC_ROOT_CLASS = YES_ERROR;
				CLANG_WARN_RANGE_LOOP_ANALYSIS = YES;
				CLANG_WARN_STRICT_PROTOTYPES = YES;
				CLANG_WARN_SUSPICIOUS_MOVE = YES;
				CLANG_WARN_UNGUARDED_AVAILABILITY = YES_AGGRESSIVE;
				CLANG_WARN_UNREACHABLE_CODE = YES;
				CLANG_WARN__DUPLICATE_METHOD_MATCH = YES;
				CODE_SIGN_IDENTITY = "iPhone Developer";
				COPY_PHASE_STRIP = NO;
				DEBUG_INFORMATION_FORMAT = dwarf;
				ENABLE_STRICT_OBJC_MSGSEND = YES;
				ENABLE_TESTABILITY = YES;
				GCC_C_LANGUAGE_STANDARD = gnu11;
				GCC_DYNAMIC_NO_PIC = NO;
				GCC_NO_COMMON_BLOCKS = YES;
				GCC_OPTIMIZATION_LEVEL = 0;
				GCC_PREPROCESSOR_DEFINITIONS = (
					"DEBUG=1",
					"$(inherited)",
				);
				GCC_WARN_64_TO_32_BIT_CONVERSION = YES;
				GCC_WARN_ABOUT_RETURN_TYPE = YES_ERROR;
				GCC_WARN_UNDECLARED_SELECTOR = YES;
				GCC_WARN_UNINITIALIZED_AUTOS = YES_AGGRESSIVE;
				GCC_WARN_UNUSED_FUNCTION = YES;
				GCC_WARN_UNUSED_VARIABLE = YES;
				IPHONEOS_DEPLOYMENT_TARGET = 11.4;
				MTL_ENABLE_DEBUG_INFO = YES;
				ONLY_ACTIVE_ARCH = YES;
				SDKROOT = iphoneos;
				SWIFT_ACTIVE_COMPILATION_CONDITIONS = DEBUG;
				SWIFT_OPTIMIZATION_LEVEL = "-Onone";
			};
			name = Debug;
		};
		ED1AB99321A0A4EA00AAA1F5 /* Release */ = {
			isa = XCBuildConfiguration;
			buildSettings = {
				ALWAYS_SEARCH_USER_PATHS = NO;
				CLANG_ANALYZER_NONNULL = YES;
				CLANG_ANALYZER_NUMBER_OBJECT_CONVERSION = YES_AGGRESSIVE;
				CLANG_CXX_LANGUAGE_STANDARD = "gnu++14";
				CLANG_CXX_LIBRARY = "libc++";
				CLANG_ENABLE_MODULES = YES;
				CLANG_ENABLE_OBJC_ARC = YES;
				CLANG_ENABLE_OBJC_WEAK = YES;
				CLANG_WARN_BLOCK_CAPTURE_AUTORELEASING = YES;
				CLANG_WARN_BOOL_CONVERSION = YES;
				CLANG_WARN_COMMA = YES;
				CLANG_WARN_CONSTANT_CONVERSION = YES;
				CLANG_WARN_DEPRECATED_OBJC_IMPLEMENTATIONS = YES;
				CLANG_WARN_DIRECT_OBJC_ISA_USAGE = YES_ERROR;
				CLANG_WARN_DOCUMENTATION_COMMENTS = YES;
				CLANG_WARN_EMPTY_BODY = YES;
				CLANG_WARN_ENUM_CONVERSION = YES;
				CLANG_WARN_INFINITE_RECURSION = YES;
				CLANG_WARN_INT_CONVERSION = YES;
				CLANG_WARN_NON_LITERAL_NULL_CONVERSION = YES;
				CLANG_WARN_OBJC_IMPLICIT_RETAIN_SELF = YES;
				CLANG_WARN_OBJC_LITERAL_CONVERSION = YES;
				CLANG_WARN_OBJC_ROOT_CLASS = YES_ERROR;
				CLANG_WARN_RANGE_LOOP_ANALYSIS = YES;
				CLANG_WARN_STRICT_PROTOTYPES = YES;
				CLANG_WARN_SUSPICIOUS_MOVE = YES;
				CLANG_WARN_UNGUARDED_AVAILABILITY = YES_AGGRESSIVE;
				CLANG_WARN_UNREACHABLE_CODE = YES;
				CLANG_WARN__DUPLICATE_METHOD_MATCH = YES;
				CODE_SIGN_IDENTITY = "iPhone Developer";
				COPY_PHASE_STRIP = NO;
				DEBUG_INFORMATION_FORMAT = "dwarf-with-dsym";
				ENABLE_NS_ASSERTIONS = NO;
				ENABLE_STRICT_OBJC_MSGSEND = YES;
				GCC_C_LANGUAGE_STANDARD = gnu11;
				GCC_NO_COMMON_BLOCKS = YES;
				GCC_WARN_64_TO_32_BIT_CONVERSION = YES;
				GCC_WARN_ABOUT_RETURN_TYPE = YES_ERROR;
				GCC_WARN_UNDECLARED_SELECTOR = YES;
				GCC_WARN_UNINITIALIZED_AUTOS = YES_AGGRESSIVE;
				GCC_WARN_UNUSED_FUNCTION = YES;
				GCC_WARN_UNUSED_VARIABLE = YES;
				IPHONEOS_DEPLOYMENT_TARGET = 11.4;
				MTL_ENABLE_DEBUG_INFO = NO;
				SDKROOT = iphoneos;
				SWIFT_COMPILATION_MODE = wholemodule;
				SWIFT_OPTIMIZATION_LEVEL = "-O";
				VALIDATE_PRODUCT = YES;
			};
			name = Release;
		};
		ED1AB99521A0A4EA00AAA1F5 /* Debug */ = {
			isa = XCBuildConfiguration;
			buildSettings = {
				ASSETCATALOG_COMPILER_APPICON_NAME = AppIcon;
				CODE_SIGN_STYLE = Automatic;
				DEVELOPMENT_TEAM = 2BULHRS882;
				INFOPLIST_FILE = FontsApp/Info.plist;
				LD_RUNPATH_SEARCH_PATHS = (
					"$(inherited)",
					"@executable_path/Frameworks",
				);
				PRODUCT_BUNDLE_IDENTIFIER = ca.CentennialCollege.FontsApp;
				PRODUCT_NAME = "$(TARGET_NAME)";
				SWIFT_VERSION = 4.0;
				TARGETED_DEVICE_FAMILY = "1,2";
			};
			name = Debug;
		};
		ED1AB99621A0A4EA00AAA1F5 /* Release */ = {
			isa = XCBuildConfiguration;
			buildSettings = {
				ASSETCATALOG_COMPILER_APPICON_NAME = AppIcon;
				CODE_SIGN_STYLE = Automatic;
				DEVELOPMENT_TEAM = 2BULHRS882;
				INFOPLIST_FILE = FontsApp/Info.plist;
				LD_RUNPATH_SEARCH_PATHS = (
					"$(inherited)",
					"@executable_path/Frameworks",
				);
				PRODUCT_BUNDLE_IDENTIFIER = ca.CentennialCollege.FontsApp;
				PRODUCT_NAME = "$(TARGET_NAME)";
				SWIFT_VERSION = 4.0;
				TARGETED_DEVICE_FAMILY = "1,2";
			};
			name = Release;
		};
		ED1AB99821A0A4EA00AAA1F5 /* Debug */ = {
			isa = XCBuildConfiguration;
			buildSettings = {
				ALWAYS_EMBED_SWIFT_STANDARD_LIBRARIES = YES;
				BUNDLE_LOADER = "$(TEST_HOST)";
				CODE_SIGN_STYLE = Automatic;
				DEVELOPMENT_TEAM = 2BULHRS882;
				INFOPLIST_FILE = FontsAppTests/Info.plist;
				LD_RUNPATH_SEARCH_PATHS = (
					"$(inherited)",
					"@executable_path/Frameworks",
					"@loader_path/Frameworks",
				);
				PRODUCT_BUNDLE_IDENTIFIER = ca.CentennialCollege.FontsAppTests;
				PRODUCT_NAME = "$(TARGET_NAME)";
				SWIFT_VERSION = 4.0;
				TARGETED_DEVICE_FAMILY = "1,2";
				TEST_HOST = "$(BUILT_PRODUCTS_DIR)/FontsApp.app/FontsApp";
			};
			name = Debug;
		};
		ED1AB99921A0A4EA00AAA1F5 /* Release */ = {
			isa = XCBuildConfiguration;
			buildSettings = {
				ALWAYS_EMBED_SWIFT_STANDARD_LIBRARIES = YES;
				BUNDLE_LOADER = "$(TEST_HOST)";
				CODE_SIGN_STYLE = Automatic;
				DEVELOPMENT_TEAM = 2BULHRS882;
				INFOPLIST_FILE = FontsAppTests/Info.plist;
				LD_RUNPATH_SEARCH_PATHS = (
					"$(inherited)",
					"@executable_path/Frameworks",
					"@loader_path/Frameworks",
				);
				PRODUCT_BUNDLE_IDENTIFIER = ca.CentennialCollege.FontsAppTests;
				PRODUCT_NAME = "$(TARGET_NAME)";
				SWIFT_VERSION = 4.0;
				TARGETED_DEVICE_FAMILY = "1,2";
				TEST_HOST = "$(BUILT_PRODUCTS_DIR)/FontsApp.app/FontsApp";
			};
			name = Release;
		};
/* End XCBuildConfiguration section */

/* Begin XCConfigurationList section */
		ED1AB97221A0A4E300AAA1F5 /* Build configuration list for PBXProject "FontsApp" */ = {
			isa = XCConfigurationList;
			buildConfigurations = (
				ED1AB99221A0A4EA00AAA1F5 /* Debug */,
				ED1AB99321A0A4EA00AAA1F5 /* Release */,
			);
			defaultConfigurationIsVisible = 0;
			defaultConfigurationName = Release;
		};
		ED1AB99421A0A4EA00AAA1F5 /* Build configuration list for PBXNativeTarget "FontsApp" */ = {
			isa = XCConfigurationList;
			buildConfigurations = (
				ED1AB99521A0A4EA00AAA1F5 /* Debug */,
				ED1AB99621A0A4EA00AAA1F5 /* Release */,
			);
			defaultConfigurationIsVisible = 0;
			defaultConfigurationName = Release;
		};
		ED1AB99721A0A4EA00AAA1F5 /* Build configuration list for PBXNativeTarget "FontsAppTests" */ = {
			isa = XCConfigurationList;
			buildConfigurations = (
				ED1AB99821A0A4EA00AAA1F5 /* Debug */,
				ED1AB99921A0A4EA00AAA1F5 /* Release */,
			);
			defaultConfigurationIsVisible = 0;
			defaultConfigurationName = Release;
		};
/* End XCConfigurationList section */
	};
	rootObject = ED1AB96F21A0A4E300AAA1F5 /* Project object */;
}
